
Microsoft Visual Studio Solution File, Format Version 12.00
# Visual Studio 15
VisualStudioVersion = 15.0.28307.572
MinimumVisualStudioVersion = 10.0.40219.1
Project("{FAE04EC0-301F-11D3-BF4B-00C04F79EFBC}") = "20_MVC_Assignment_01", "20_MVC_Assignment_01\20_MVC_Assignment_01.csproj", "{F1A1599C-E3B9-4CD4-AFFD-2FDA55BDB021}"
EndProject
Global
	GlobalSection(SolutionConfigurationPlatforms) = preSolution
		Debug|Any CPU = Debug|Any CPU
		Release|Any CPU = Release|Any CPU
	EndGlobalSection
	GlobalSection(ProjectConfigurationPlatforms) = postSolution
		{F1A1599C-E3B9-4CD4-AFFD-2FDA55BDB021}.Debug|Any CPU.ActiveCfg = Debug|Any CPU
		{F1A1599C-E3B9-4CD4-AFFD-2FDA55BDB021}.Debug|Any CPU.Build.0 = Debug|Any CPU
		{F1A1599C-E3B9-4CD4-AFFD-2FDA55BDB021}.Release|Any CPU.ActiveCfg = Release|Any CPU
		{F1A1599C-E3B9-4CD4-AFFD-2FDA55BDB021}.Release|Any CPU.Build.0 = Release|Any CPU
	EndGlobalSection
	GlobalSection(SolutionProperties) = preSolution
		HideSolutionNode = FALSE
	EndGlobalSection
	GlobalSection(ExtensibilityGlobals) = postSolution
		SolutionGuid = {107632A8-1F86-4F3F-8C68-2D906E295517}
	EndGlobalSection
EndGlobal
